<Solution>
  <Project Path="inaApi/inaApi.csproj" />
  <Project Path="inaApp.Common/inaApp.Common.csproj" />
  <Project Path="inaApp.Entitites/inaApp.Entitites.csproj" />
  <Project Path="inaApp.Repository/inaApp.Repository.csproj" />
  <Project Path="inaApp.Services/inaApp.Services.csproj" />
</Solution>
